
Microsoft Visual Studio Solution File, Format Version 12.00
# Visual Studio Version 17
VisualStudioVersion = 17.4.33122.133
MinimumVisualStudioVersion = 10.0.40219.1
Project("{9A19103F-16F7-4668-BE54-9A1E7A4F7556}") = "ZooBitSketch", "ZooBitSketch.csproj", "{6673E90E-E4C4-4DC8-98EC-51C7A0384160}"
EndProject
Global
	GlobalSection(SolutionConfigurationPlatforms) = preSolution
		Debug|Any CPU = Debug|Any CPU
		Release|Any CPU = Release|Any CPU
	EndGlobalSection
	GlobalSection(ProjectConfigurationPlatforms) = postSolution
		{6673E90E-E4C4-4DC8-98EC-51C7A0384160}.Debug|Any CPU.ActiveCfg = Debug|Any CPU
		{6673E90E-E4C4-4DC8-98EC-51C7A0384160}.Debug|Any CPU.Build.0 = Debug|Any CPU
		{6673E90E-E4C4-4DC8-98EC-51C7A0384160}.Release|Any CPU.ActiveCfg = Release|Any CPU
		{6673E90E-E4C4-4DC8-98EC-51C7A0384160}.Release|Any CPU.Build.0 = Release|Any CPU
	EndGlobalSection
	GlobalSection(SolutionProperties) = preSolution
		HideSolutionNode = FALSE
	EndGlobalSection
	GlobalSection(ExtensibilityGlobals) = postSolution
		SolutionGuid = {233485DF-44C4-430E-ABA2-EB6F47A6D155}
	EndGlobalSection
EndGlobal
